
Microsoft Visual Studio Solution File, Format Version 12.00
# Visual Studio Version 17
VisualStudioVersion = 17.5.33424.131
MinimumVisualStudioVersion = 10.0.40219.1
Project("{FAE04EC0-301F-11D3-BF4B-00C04F79EFBC}") = "CCBackend", "CCBackend.csproj", "{B93BC574-890A-41A0-8980-41734085980B}"
EndProject
Global
	GlobalSection(SolutionConfigurationPlatforms) = preSolution
		Debug|Any CPU = Debug|Any CPU
		Release|Any CPU = Release|Any CPU
	EndGlobalSection
	GlobalSection(ProjectConfigurationPlatforms) = postSolution
		{B93BC574-890A-41A0-8980-41734085980B}.Debug|Any CPU.ActiveCfg = Debug|Any CPU
		{B93BC574-890A-41A0-8980-41734085980B}.Debug|Any CPU.Build.0 = Debug|Any CPU
		{B93BC574-890A-41A0-8980-41734085980B}.Release|Any CPU.ActiveCfg = Release|Any CPU
		{B93BC574-890A-41A0-8980-41734085980B}.Release|Any CPU.Build.0 = Release|Any CPU
	EndGlobalSection
	GlobalSection(SolutionProperties) = preSolution
		HideSolutionNode = FALSE
	EndGlobalSection
	GlobalSection(ExtensibilityGlobals) = postSolution
		SolutionGuid = {3D1C921D-921A-4483-B29A-3A642F28F346}
	EndGlobalSection
EndGlobal
